
Microsoft Visual Studio Solution File, Format Version 12.00
# Visual Studio Version 16
VisualStudioVersion = 16.0.810.22
MinimumVisualStudioVersion = 10.0.40219.1
Project("{FAE04EC0-301F-11D3-BF4B-00C04F79EFBC}") = "Quoridor.Core", "Quoridor.Core\Quoridor.Core.csproj", "{973C12FE-E811-41B9-A3FD-4BE31DF13EF7}"
EndProject
Project("{FAE04EC0-301F-11D3-BF4B-00C04F79EFBC}") = "Quoridor.AI", "Quoridor.AI\Quoridor.AI.csproj", "{945C7492-23D5-4700-94E8-525D552F085A}"
EndProject
Project("{FAE04EC0-301F-11D3-BF4B-00C04F79EFBC}") = "Quoridor.Tests", "Quoridor.Tests\Quoridor.Tests.csproj", "{C9BE7960-77AC-48F8-BC74-6AA58270E2DC}"
EndProject
Project("{FAE04EC0-301F-11D3-BF4B-00C04F79EFBC}") = "Quoridor.ConsoleApp", "Quoridor.ConsoleApp\Quoridor.ConsoleApp.csproj", "{22821B47-61DD-48E1-BF48-370E670FC5D9}"
EndProject
Project("{FAE04EC0-301F-11D3-BF4B-00C04F79EFBC}") = "Quoridor.Common", "Quoridor.Common\Quoridor.Common.csproj", "{23AA4BBC-F623-426C-850B-6780563324B8}"
EndProject
Global
	GlobalSection(SolutionConfigurationPlatforms) = preSolution
		Debug|Any CPU = Debug|Any CPU
		Release|Any CPU = Release|Any CPU
	EndGlobalSection
	GlobalSection(ProjectConfigurationPlatforms) = postSolution
		{973C12FE-E811-41B9-A3FD-4BE31DF13EF7}.Debug|Any CPU.ActiveCfg = Debug|Any CPU
		{973C12FE-E811-41B9-A3FD-4BE31DF13EF7}.Debug|Any CPU.Build.0 = Debug|Any CPU
		{973C12FE-E811-41B9-A3FD-4BE31DF13EF7}.Release|Any CPU.ActiveCfg = Release|Any CPU
		{973C12FE-E811-41B9-A3FD-4BE31DF13EF7}.Release|Any CPU.Build.0 = Release|Any CPU
		{945C7492-23D5-4700-94E8-525D552F085A}.Debug|Any CPU.ActiveCfg = Debug|Any CPU
		{945C7492-23D5-4700-94E8-525D552F085A}.Debug|Any CPU.Build.0 = Debug|Any CPU
		{945C7492-23D5-4700-94E8-525D552F085A}.Release|Any CPU.ActiveCfg = Release|Any CPU
		{945C7492-23D5-4700-94E8-525D552F085A}.Release|Any CPU.Build.0 = Release|Any CPU
		{C9BE7960-77AC-48F8-BC74-6AA58270E2DC}.Debug|Any CPU.ActiveCfg = Debug|Any CPU
		{C9BE7960-77AC-48F8-BC74-6AA58270E2DC}.Debug|Any CPU.Build.0 = Debug|Any CPU
		{C9BE7960-77AC-48F8-BC74-6AA58270E2DC}.Release|Any CPU.ActiveCfg = Release|Any CPU
		{C9BE7960-77AC-48F8-BC74-6AA58270E2DC}.Release|Any CPU.Build.0 = Release|Any CPU
		{22821B47-61DD-48E1-BF48-370E670FC5D9}.Debug|Any CPU.ActiveCfg = Debug|Any CPU
		{22821B47-61DD-48E1-BF48-370E670FC5D9}.Debug|Any CPU.Build.0 = Debug|Any CPU
		{22821B47-61DD-48E1-BF48-370E670FC5D9}.Release|Any CPU.ActiveCfg = Release|Any CPU
		{22821B47-61DD-48E1-BF48-370E670FC5D9}.Release|Any CPU.Build.0 = Release|Any CPU
		{23AA4BBC-F623-426C-850B-6780563324B8}.Debug|Any CPU.ActiveCfg = Debug|Any CPU
		{23AA4BBC-F623-426C-850B-6780563324B8}.Debug|Any CPU.Build.0 = Debug|Any CPU
		{23AA4BBC-F623-426C-850B-6780563324B8}.Release|Any CPU.ActiveCfg = Release|Any CPU
		{23AA4BBC-F623-426C-850B-6780563324B8}.Release|Any CPU.Build.0 = Release|Any CPU
	EndGlobalSection
	GlobalSection(SolutionProperties) = preSolution
		HideSolutionNode = FALSE
	EndGlobalSection
	GlobalSection(ExtensibilityGlobals) = postSolution
		SolutionGuid = {63ACCCE0-A4C8-44DF-BB54-BF366518C7C0}
	EndGlobalSection
EndGlobal
