
Microsoft Visual Studio Solution File, Format Version 12.00
# Visual Studio Version 17
VisualStudioVersion = 17.8.34322.80
MinimumVisualStudioVersion = 10.0.40219.1
Project("{9A19103F-16F7-4668-BE54-9A1E7A4F7556}") = "Quoridor.AI", "Quoridor.AI\Quoridor.AI.csproj", "{D036A8FD-31E6-477B-8B81-87CF8CCBAD76}"
EndProject
Project("{9A19103F-16F7-4668-BE54-9A1E7A4F7556}") = "Quoridor.Common", "Quoridor.Common\Quoridor.Common.csproj", "{458BA75F-DFBA-4629-AB9C-87398695CAB2}"
EndProject
Project("{9A19103F-16F7-4668-BE54-9A1E7A4F7556}") = "Quoridor.ConsoleApp", "Quoridor.ConsoleApp\Quoridor.ConsoleApp.csproj", "{AB50993F-3890-48B1-A8F7-EDF04E59DF07}"
EndProject
Project("{9A19103F-16F7-4668-BE54-9A1E7A4F7556}") = "Quoridor.Core", "Quoridor.Core\Quoridor.Core.csproj", "{CE8293C1-C139-489B-ACD9-66876009FFE5}"
EndProject
Project("{9A19103F-16F7-4668-BE54-9A1E7A4F7556}") = "Quoridor.Tests", "Quoridor.Tests\Quoridor.Tests.csproj", "{8C4F148D-7931-4178-B8CB-A36372A1E53E}"
EndProject
Global
	GlobalSection(SolutionConfigurationPlatforms) = preSolution
		Debug|Any CPU = Debug|Any CPU
		Release|Any CPU = Release|Any CPU
	EndGlobalSection
	GlobalSection(ProjectConfigurationPlatforms) = postSolution
		{D036A8FD-31E6-477B-8B81-87CF8CCBAD76}.Debug|Any CPU.ActiveCfg = Debug|Any CPU
		{D036A8FD-31E6-477B-8B81-87CF8CCBAD76}.Debug|Any CPU.Build.0 = Debug|Any CPU
		{D036A8FD-31E6-477B-8B81-87CF8CCBAD76}.Release|Any CPU.ActiveCfg = Release|Any CPU
		{D036A8FD-31E6-477B-8B81-87CF8CCBAD76}.Release|Any CPU.Build.0 = Release|Any CPU
		{458BA75F-DFBA-4629-AB9C-87398695CAB2}.Debug|Any CPU.ActiveCfg = Debug|Any CPU
		{458BA75F-DFBA-4629-AB9C-87398695CAB2}.Debug|Any CPU.Build.0 = Debug|Any CPU
		{458BA75F-DFBA-4629-AB9C-87398695CAB2}.Release|Any CPU.ActiveCfg = Release|Any CPU
		{458BA75F-DFBA-4629-AB9C-87398695CAB2}.Release|Any CPU.Build.0 = Release|Any CPU
		{AB50993F-3890-48B1-A8F7-EDF04E59DF07}.Debug|Any CPU.ActiveCfg = Debug|Any CPU
		{AB50993F-3890-48B1-A8F7-EDF04E59DF07}.Debug|Any CPU.Build.0 = Debug|Any CPU
		{AB50993F-3890-48B1-A8F7-EDF04E59DF07}.Release|Any CPU.ActiveCfg = Release|Any CPU
		{AB50993F-3890-48B1-A8F7-EDF04E59DF07}.Release|Any CPU.Build.0 = Release|Any CPU
		{CE8293C1-C139-489B-ACD9-66876009FFE5}.Debug|Any CPU.ActiveCfg = Debug|Any CPU
		{CE8293C1-C139-489B-ACD9-66876009FFE5}.Debug|Any CPU.Build.0 = Debug|Any CPU
		{CE8293C1-C139-489B-ACD9-66876009FFE5}.Release|Any CPU.ActiveCfg = Release|Any CPU
		{CE8293C1-C139-489B-ACD9-66876009FFE5}.Release|Any CPU.Build.0 = Release|Any CPU
		{8C4F148D-7931-4178-B8CB-A36372A1E53E}.Debug|Any CPU.ActiveCfg = Debug|Any CPU
		{8C4F148D-7931-4178-B8CB-A36372A1E53E}.Debug|Any CPU.Build.0 = Debug|Any CPU
		{8C4F148D-7931-4178-B8CB-A36372A1E53E}.Release|Any CPU.ActiveCfg = Release|Any CPU
		{8C4F148D-7931-4178-B8CB-A36372A1E53E}.Release|Any CPU.Build.0 = Release|Any CPU
	EndGlobalSection
	GlobalSection(SolutionProperties) = preSolution
		HideSolutionNode = FALSE
	EndGlobalSection
	GlobalSection(ExtensibilityGlobals) = postSolution
		SolutionGuid = {A92F28B3-7C1E-49BD-BDA3-9A8AB1B1226C}
	EndGlobalSection
EndGlobal
